{
    "name": "@kayahr/typedoc",
    "version": "0.28.18-bundle.1",
    "lockfileVersion": 3,
    "requires": true,
    "packages": {
        "": {
            "name": "@kayahr/typedoc",
            "version": "0.28.18-bundle.1",
            "license": "MIT",
            "bin": {
                "typedoc": "lib/bin/cli.js"
            },
            "devDependencies": {
                "@kayahr/cspell": "9.7.0-bundle.1",
                "@kayahr/npm-utils": "1.1.2",
                "esbuild": "0.27.5",
                "esbuild-copy-static-files": "0.1.0",
                "esbuild-plugin-license": "1.2.3",
                "typedoc": "0.28.18",
                "typedoc-github-theme": "0.4.0",
                "typedoc-plugin-mdn-links": "5.1.1"
            },
            "funding": {
                "url": "https://github.com/kayahr/typedoc?sponsor=1"
            }
        },
        "node_modules/@esbuild/aix-ppc64": {
            "version": "0.27.5",
            "resolved": "https://registry.npmjs.org/@esbuild/aix-ppc64/-/aix-ppc64-0.27.5.tgz",
            "integrity": "sha512-nGsF/4C7uzUj+Nj/4J+Zt0bYQ6bz33Phz8Lb2N80Mti1HjGclTJdXZ+9APC4kLvONbjxN1zfvYNd8FEcbBK/MQ==",
            "cpu": [
                "ppc64"
            ],
            "dev": true,
            "license": "MIT",
            "optional": true,
            "os": [
                "aix"
            ],
            "engines": {
                "node": ">=18"
            }
        },
        "node_modules/@esbuild/android-arm": {
            "version": "0.27.5",
            "resolved": "https://registry.npmjs.org/@esbuild/android-arm/-/android-arm-0.27.5.tgz",
            "integrity": "sha512-Cv781jd0Rfj/paoNrul1/r4G0HLvuFKYh7C9uHZ2Pl8YXstzvCyyeWENTFR9qFnRzNMCjXmsulZuvosDg10Mog==",
            "cpu": [
                "arm"
            ],
            "dev": true,
            "license": "MIT",
            "optional": true,
            "os": [
                "android"
            ],
            "engines": {
                "node": ">=18"
            }
        },
        "node_modules/@esbuild/android-arm64": {
            "version": "0.27.5",
            "resolved": "https://registry.npmjs.org/@esbuild/android-arm64/-/android-arm64-0.27.5.tgz",
            "integrity": "sha512-Oeghq+XFgh1pUGd1YKs4DDoxzxkoUkvko+T/IVKwlghKLvvjbGFB3ek8VEDBmNvqhwuL0CQS3cExdzpmUyIrgA==",
            "cpu": [
                "arm64"
            ],
            "dev": true,
            "license": "MIT",
            "optional": true,
            "os": [
                "android"
            ],
            "engines": {
                "node": ">=18"
            }
        },
        "node_modules/@esbuild/android-x64": {
            "version": "0.27.5",
            "resolved": "https://registry.npmjs.org/@esbuild/android-x64/-/android-x64-0.27.5.tgz",
            "integrity": "sha512-nQD7lspbzerlmtNOxYMFAGmhxgzn8Z7m9jgFkh6kpkjsAhZee1w8tJW3ZlW+N9iRePz0oPUDrYrXidCPSImD0Q==",
            "cpu": [
                "x64"
            ],
            "dev": true,
            "license": "MIT",
            "optional": true,
            "os": [
                "android"
            ],
            "engines": {
                "node": ">=18"
            }
        },
        "node_modules/@esbuild/darwin-arm64": {
            "version": "0.27.5",
            "resolved": "https://registry.npmjs.org/@esbuild/darwin-arm64/-/darwin-arm64-0.27.5.tgz",
            "integrity": "sha512-I+Ya/MgC6rr8oRWGRDF3BXDfP8K1BVUggHqN6VI2lUZLdDi1IM1v2cy0e3lCPbP+pVcK3Tv8cgUhHse1kaNZZw==",
            "cpu": [
                "arm64"
            ],
            "dev": true,
            "license": "MIT",
            "optional": true,
            "os": [
                "darwin"
            ],
            "engines": {
                "node": ">=18"
            }
        },
        "node_modules/@esbuild/darwin-x64": {
            "version": "0.27.5",
            "resolved": "https://registry.npmjs.org/@esbuild/darwin-x64/-/darwin-x64-0.27.5.tgz",
            "integrity": "sha512-MCjQUtC8wWJn/pIPM7vQaO69BFgwPD1jriEdqwTCKzWjGgkMbcg+M5HzrOhPhuYe1AJjXlHmD142KQf+jnYj8A==",
            "cpu": [
                "x64"
            ],
            "dev": true,
            "license": "MIT",
            "optional": true,
            "os": [
                "darwin"
            ],
            "engines": {
                "node": ">=18"
            }
        },
        "node_modules/@esbuild/freebsd-arm64": {
            "version": "0.27.5",
            "resolved": "https://registry.npmjs.org/@esbuild/freebsd-arm64/-/freebsd-arm64-0.27.5.tgz",
            "integrity": "sha512-X6xVS+goSH0UelYXnuf4GHLwpOdc8rgK/zai+dKzBMnncw7BTQIwquOodE7EKvY2UVUetSqyAfyZC1D+oqLQtg==",
            "cpu": [
                "arm64"
            ],
            "dev": true,
            "license": "MIT",
            "optional": true,
            "os": [
                "freebsd"
            ],
            "engines": {
                "node": ">=18"
            }
        },
        "node_modules/@esbuild/freebsd-x64": {
            "version": "0.27.5",
            "resolved": "https://registry.npmjs.org/@esbuild/freebsd-x64/-/freebsd-x64-0.27.5.tgz",
            "integrity": "sha512-233X1FGo3a8x1ekLB6XT69LfZ83vqz+9z3TSEQCTYfMNY880A97nr81KbPcAMl9rmOFp11wO0dP+eB18KU/Ucg==",
            "cpu": [
                "x64"
            ],
            "dev": true,
            "license": "MIT",
            "optional": true,
            "os": [
                "freebsd"
            ],
            "engines": {
                "node": ">=18"
            }
        },
        "node_modules/@esbuild/linux-arm": {
            "version": "0.27.5",
            "resolved": "https://registry.npmjs.org/@esbuild/linux-arm/-/linux-arm-0.27.5.tgz",
            "integrity": "sha512-0wkVrYHG4sdCCN/bcwQ7yYMXACkaHc3UFeaEOwSVW6e5RycMageYAFv+JS2bKLwHyeKVUvtoVH+5/RHq0fgeFw==",
            "cpu": [
                "arm"
            ],
            "dev": true,
            "license": "MIT",
            "optional": true,
            "os": [
                "linux"
            ],
            "engines": {
                "node": ">=18"
            }
        },
        "node_modules/@esbuild/linux-arm64": {
            "version": "0.27.5",
            "resolved": "https://registry.npmjs.org/@esbuild/linux-arm64/-/linux-arm64-0.27.5.tgz",
            "integrity": "sha512-euKkilsNOv7x/M1NKsx5znyprbpsRFIzTV6lWziqJch7yWYayfLtZzDxDTl+LSQDJYAjd9TVb/Kt5UKIrj2e4A==",
            "cpu": [
                "arm64"
            ],
            "dev": true,
            "license": "MIT",
            "optional": true,
            "os": [
                "linux"
            ],
            "engines": {
                "node": ">=18"
            }
        },
        "node_modules/@esbuild/linux-ia32": {
            "version": "0.27.5",
            "resolved": "https://registry.npmjs.org/@esbuild/linux-ia32/-/linux-ia32-0.27.5.tgz",
            "integrity": "sha512-hVRQX4+P3MS36NxOy24v/Cdsimy/5HYePw+tmPqnNN1fxV0bPrFWR6TMqwXPwoTM2VzbkA+4lbHWUKDd5ZDA/w==",
            "cpu": [
                "ia32"
            ],
            "dev": true,
            "license": "MIT",
            "optional": true,
            "os": [
                "linux"
            ],
            "engines": {
                "node": ">=18"
            }
        },
        "node_modules/@esbuild/linux-loong64": {
            "version": "0.27.5",
            "resolved": "https://registry.npmjs.org/@esbuild/linux-loong64/-/linux-loong64-0.27.5.tgz",
            "integrity": "sha512-mKqqRuOPALI8nDzhOBmIS0INvZOOFGGg5n1osGIXAx8oersceEbKd4t1ACNTHM3sJBXGFAlEgqM+svzjPot+ZQ==",
            "cpu": [
                "loong64"
            ],
            "dev": true,
            "license": "MIT",
            "optional": true,
            "os": [
                "linux"
            ],
            "engines": {
                "node": ">=18"
            }
        },
        "node_modules/@esbuild/linux-mips64el": {
            "version": "0.27.5",
            "resolved": "https://registry.npmjs.org/@esbuild/linux-mips64el/-/linux-mips64el-0.27.5.tgz",
            "integrity": "sha512-EE/QXH9IyaAj1qeuIV5+/GZkBTipgGO782Ff7Um3vPS9cvLhJJeATy4Ggxikz2inZ46KByamMn6GqtqyVjhenA==",
            "cpu": [
                "mips64el"
            ],
            "dev": true,
            "license": "MIT",
            "optional": true,
            "os": [
                "linux"
            ],
            "engines": {
                "node": ">=18"
            }
        },
        "node_modules/@esbuild/linux-ppc64": {
            "version": "0.27.5",
            "resolved": "https://registry.npmjs.org/@esbuild/linux-ppc64/-/linux-ppc64-0.27.5.tgz",
            "integrity": "sha512-0V2iF1RGxBf1b7/BjurA5jfkl7PtySjom1r6xOK2q9KWw/XCpAdtB6KNMO+9xx69yYfSCRR9FE0TyKfHA2eQMw==",
            "cpu": [
                "ppc64"
            ],
            "dev": true,
            "license": "MIT",
            "optional": true,
            "os": [
                "linux"
            ],
            "engines": {
                "node": ">=18"
            }
        },
        "node_modules/@esbuild/linux-riscv64": {
            "version": "0.27.5",
            "resolved": "https://registry.npmjs.org/@esbuild/linux-riscv64/-/linux-riscv64-0.27.5.tgz",
            "integrity": "sha512-rYxThBx6G9HN6tFNuvB/vykeLi4VDsm5hE5pVwzqbAjZEARQrWu3noZSfbEnPZ/CRXP3271GyFk/49up2W190g==",
            "cpu": [
                "riscv64"
            ],
            "dev": true,
            "license": "MIT",
            "optional": true,
            "os": [
                "linux"
            ],
            "engines": {
                "node": ">=18"
            }
        },
        "node_modules/@esbuild/linux-s390x": {
            "version": "0.27.5",
            "resolved": "https://registry.npmjs.org/@esbuild/linux-s390x/-/linux-s390x-0.27.5.tgz",
            "integrity": "sha512-uEP2q/4qgd8goEUc4QIdU/1P2NmEtZ/zX5u3OpLlCGhJIuBIv0s0wr7TB2nBrd3/A5XIdEkkS5ZLF0ULuvaaYQ==",
            "cpu": [
                "s390x"
            ],
            "dev": true,
            "license": "MIT",
            "optional": true,
            "os": [
                "linux"
            ],
            "engines": {
                "node": ">=18"
            }
        },
        "node_modules/@esbuild/linux-x64": {
            "version": "0.27.5",
            "resolved": "https://registry.npmjs.org/@esbuild/linux-x64/-/linux-x64-0.27.5.tgz",
            "integrity": "sha512-+Gq47Wqq6PLOOZuBzVSII2//9yyHNKZLuwfzCemqexqOQCSz0zy0O26kIzyp9EMNMK+nZ0tFHBZrCeVUuMs/ew==",
            "cpu": [
                "x64"
            ],
            "dev": true,
            "license": "MIT",
            "optional": true,
            "os": [
                "linux"
            ],
            "engines": {
                "node": ">=18"
            }
        },
        "node_modules/@esbuild/netbsd-arm64": {
            "version": "0.27.5",
            "resolved": "https://registry.npmjs.org/@esbuild/netbsd-arm64/-/netbsd-arm64-0.27.5.tgz",
            "integrity": "sha512-3F/5EG8VHfN/I+W5cO1/SV2H9Q/5r7vcHabMnBqhHK2lTWOh3F8vixNzo8lqxrlmBtZVFpW8pmITHnq54+Tq4g==",
            "cpu": [
                "arm64"
            ],
            "dev": true,
            "license": "MIT",
            "optional": true,
            "os": [
                "netbsd"
            ],
            "engines": {
                "node": ">=18"
            }
        },
        "node_modules/@esbuild/netbsd-x64": {
            "version": "0.27.5",
            "resolved": "https://registry.npmjs.org/@esbuild/netbsd-x64/-/netbsd-x64-0.27.5.tgz",
            "integrity": "sha512-28t+Sj3CPN8vkMOlZotOmDgilQwVvxWZl7b8rxpn73Tt/gCnvrHxQUMng4uu3itdFvrtba/1nHejvxqz8xgEMA==",
            "cpu": [
                "x64"
            ],
            "dev": true,
            "license": "MIT",
            "optional": true,
            "os": [
                "netbsd"
            ],
            "engines": {
                "node": ">=18"
            }
        },
        "node_modules/@esbuild/openbsd-arm64": {
            "version": "0.27.5",
            "resolved": "https://registry.npmjs.org/@esbuild/openbsd-arm64/-/openbsd-arm64-0.27.5.tgz",
            "integrity": "sha512-Doz/hKtiuVAi9hMsBMpwBANhIZc8l238U2Onko3t2xUp8xtM0ZKdDYHMnm/qPFVthY8KtxkXaocwmMh6VolzMA==",
            "cpu": [
                "arm64"
            ],
            "dev": true,
            "license": "MIT",
            "optional": true,
            "os": [
                "openbsd"
            ],
            "engines": {
                "node": ">=18"
            }
        },
        "node_modules/@esbuild/openbsd-x64": {
            "version": "0.27.5",
            "resolved": "https://registry.npmjs.org/@esbuild/openbsd-x64/-/openbsd-x64-0.27.5.tgz",
            "integrity": "sha512-WfGVaa1oz5A7+ZFPkERIbIhKT4olvGl1tyzTRaB5yoZRLqC0KwaO95FeZtOdQj/oKkjW57KcVF944m62/0GYtA==",
            "cpu": [
                "x64"
            ],
            "dev": true,
            "license": "MIT",
            "optional": true,
            "os": [
                "openbsd"
            ],
            "engines": {
                "node": ">=18"
            }
        },
        "node_modules/@esbuild/openharmony-arm64": {
            "version": "0.27.5",
            "resolved": "https://registry.npmjs.org/@esbuild/openharmony-arm64/-/openharmony-arm64-0.27.5.tgz",
            "integrity": "sha512-Xh+VRuh6OMh3uJ0JkCjI57l+DVe7VRGBYymen8rFPnTVgATBwA6nmToxM2OwTlSvrnWpPKkrQUj93+K9huYC6A==",
            "cpu": [
                "arm64"
            ],
            "dev": true,
            "license": "MIT",
            "optional": true,
            "os": [
                "openharmony"
            ],
            "engines": {
                "node": ">=18"
            }
        },
        "node_modules/@esbuild/sunos-x64": {
            "version": "0.27.5",
            "resolved": "https://registry.npmjs.org/@esbuild/sunos-x64/-/sunos-x64-0.27.5.tgz",
            "integrity": "sha512-aC1gpJkkaUADHuAdQfuVTnqVUTLqqUNhAvEwHwVWcnVVZvNlDPGA0UveZsfXJJ9T6k9Po4eHi3c02gbdwO3g6w==",
            "cpu": [
                "x64"
            ],
            "dev": true,
            "license": "MIT",
            "optional": true,
            "os": [
                "sunos"
            ],
            "engines": {
                "node": ">=18"
            }
        },
        "node_modules/@esbuild/win32-arm64": {
            "version": "0.27.5",
            "resolved": "https://registry.npmjs.org/@esbuild/win32-arm64/-/win32-arm64-0.27.5.tgz",
            "integrity": "sha512-0UNx2aavV0fk6UpZcwXFLztA2r/k9jTUa7OW7SAea1VYUhkug99MW1uZeXEnPn5+cHOd0n8myQay6TlFnBR07w==",
            "cpu": [
                "arm64"
            ],
            "dev": true,
            "license": "MIT",
            "optional": true,
            "os": [
                "win32"
            ],
            "engines": {
                "node": ">=18"
            }
        },
        "node_modules/@esbuild/win32-ia32": {
            "version": "0.27.5",
            "resolved": "https://registry.npmjs.org/@esbuild/win32-ia32/-/win32-ia32-0.27.5.tgz",
            "integrity": "sha512-5nlJ3AeJWCTSzR7AEqVjT/faWyqKU86kCi1lLmxVqmNR+j4HrYdns+eTGjS/vmrzCIe8inGQckUadvS0+JkKdQ==",
            "cpu": [
                "ia32"
            ],
            "dev": true,
            "license": "MIT",
            "optional": true,
            "os": [
                "win32"
            ],
            "engines": {
                "node": ">=18"
            }
        },
        "node_modules/@esbuild/win32-x64": {
            "version": "0.27.5",
            "resolved": "https://registry.npmjs.org/@esbuild/win32-x64/-/win32-x64-0.27.5.tgz",
            "integrity": "sha512-PWypQR+d4FLfkhBIV+/kHsUELAnMpx1bRvvsn3p+/sAERbnCzFrtDRG2Xw5n+2zPxBK2+iaP+vetsRl4Ti7WgA==",
            "cpu": [
                "x64"
            ],
            "dev": true,
            "license": "MIT",
            "optional": true,
            "os": [
                "win32"
            ],
            "engines": {
                "node": ">=18"
            }
        },
        "node_modules/@gerrit0/mini-shiki": {
            "version": "3.23.0",
            "resolved": "https://registry.npmjs.org/@gerrit0/mini-shiki/-/mini-shiki-3.23.0.tgz",
            "integrity": "sha512-bEMORlG0cqdjVyCEuU0cDQbORWX+kYCeo0kV1lbxF5bt4r7SID2l9bqsxJEM0zndaxpOUT7riCyIVEuqq/Ynxg==",
            "dev": true,
            "license": "MIT",
            "dependencies": {
                "@shikijs/engine-oniguruma": "^3.23.0",
                "@shikijs/langs": "^3.23.0",
                "@shikijs/themes": "^3.23.0",
                "@shikijs/types": "^3.23.0",
                "@shikijs/vscode-textmate": "^10.0.2"
            }
        },
        "node_modules/@kayahr/cspell": {
            "version": "9.7.0-bundle.1",
            "resolved": "https://registry.npmjs.org/@kayahr/cspell/-/cspell-9.7.0-bundle.1.tgz",
            "integrity": "sha512-YDWknHucSRp9v08Hb43e2+N5LgGf96QnG70QHWSbDzpKA1r77RkEu2CIujcCJE0SV+uPPP8yIOa52JqrHth1XQ==",
            "dev": true,
            "license": "MIT",
            "bin": {
                "cspell": "lib/cspell.js"
            },
            "funding": {
                "url": "https://github.com/kayahr/cspell?sponsor=1"
            }
        },
        "node_modules/@kayahr/npm-utils": {
            "version": "1.1.2",
            "resolved": "https://registry.npmjs.org/@kayahr/npm-utils/-/npm-utils-1.1.2.tgz",
            "integrity": "sha512-kmqG3rxjGy8ld+3sk458y/PFSa2zCTMey5HoxRDgYiX0esWxKRiS7DJe8tI5zZ2Sdm30/joUrn6Ays/14w8d8g==",
            "dev": true,
            "license": "MIT",
            "bin": {
                "cp": "lib/main/cp.js",
                "rm": "lib/main/rm.js",
                "run": "lib/main/run.js"
            },
            "engines": {
                "node": ">=22.18.0"
            },
            "funding": {
                "url": "https://github.com/kayahr/npm-utils?sponsor=1"
            }
        },
        "node_modules/@shikijs/engine-oniguruma": {
            "version": "3.23.0",
            "resolved": "https://registry.npmjs.org/@shikijs/engine-oniguruma/-/engine-oniguruma-3.23.0.tgz",
            "integrity": "sha512-1nWINwKXxKKLqPibT5f4pAFLej9oZzQTsby8942OTlsJzOBZ0MWKiwzMsd+jhzu8YPCHAswGnnN1YtQfirL35g==",
            "dev": true,
            "license": "MIT",
            "dependencies": {
                "@shikijs/types": "3.23.0",
                "@shikijs/vscode-textmate": "^10.0.2"
            }
        },
        "node_modules/@shikijs/langs": {
            "version": "3.23.0",
            "resolved": "https://registry.npmjs.org/@shikijs/langs/-/langs-3.23.0.tgz",
            "integrity": "sha512-2Ep4W3Re5aB1/62RSYQInK9mM3HsLeB91cHqznAJMuylqjzNVAVCMnNWRHFtcNHXsoNRayP9z1qj4Sq3nMqYXg==",
            "dev": true,
            "license": "MIT",
            "dependencies": {
                "@shikijs/types": "3.23.0"
            }
        },
        "node_modules/@shikijs/themes": {
            "version": "3.23.0",
            "resolved": "https://registry.npmjs.org/@shikijs/themes/-/themes-3.23.0.tgz",
            "integrity": "sha512-5qySYa1ZgAT18HR/ypENL9cUSGOeI2x+4IvYJu4JgVJdizn6kG4ia5Q1jDEOi7gTbN4RbuYtmHh0W3eccOrjMA==",
            "dev": true,
            "license": "MIT",
            "dependencies": {
                "@shikijs/types": "3.23.0"
            }
        },
        "node_modules/@shikijs/types": {
            "version": "3.23.0",
            "resolved": "https://registry.npmjs.org/@shikijs/types/-/types-3.23.0.tgz",
            "integrity": "sha512-3JZ5HXOZfYjsYSk0yPwBrkupyYSLpAE26Qc0HLghhZNGTZg/SKxXIIgoxOpmmeQP0RRSDJTk1/vPfw9tbw+jSQ==",
            "dev": true,
            "license": "MIT",
            "dependencies": {
                "@shikijs/vscode-textmate": "^10.0.2",
                "@types/hast": "^3.0.4"
            }
        },
        "node_modules/@shikijs/vscode-textmate": {
            "version": "10.0.2",
            "resolved": "https://registry.npmjs.org/@shikijs/vscode-textmate/-/vscode-textmate-10.0.2.tgz",
            "integrity": "sha512-83yeghZ2xxin3Nj8z1NMd/NCuca+gsYXswywDy5bHvwlWL8tpTQmzGeUuHd9FC3E/SBEMvzJRwWEOz5gGes9Qg==",
            "dev": true,
            "license": "MIT"
        },
        "node_modules/@types/hast": {
            "version": "3.0.4",
            "resolved": "https://registry.npmjs.org/@types/hast/-/hast-3.0.4.tgz",
            "integrity": "sha512-WPs+bbQw5aCj+x6laNGWLH3wviHtoCv/P3+otBhbOhJgG8qtpdAMlTCxLtsTWA7LH1Oh/bFCHsBn0TPS5m30EQ==",
            "dev": true,
            "license": "MIT",
            "dependencies": {
                "@types/unist": "*"
            }
        },
        "node_modules/@types/unist": {
            "version": "3.0.3",
            "resolved": "https://registry.npmjs.org/@types/unist/-/unist-3.0.3.tgz",
            "integrity": "sha512-ko/gIFJRv177XgZsZcBwnqJN5x/Gien8qNOn0D5bQU/zAzVf9Zt3BlcUiLqhV9y4ARk0GbT3tnUiPNgnTXzc/Q==",
            "dev": true,
            "license": "MIT"
        },
        "node_modules/argparse": {
            "version": "2.0.1",
            "resolved": "https://registry.npmjs.org/argparse/-/argparse-2.0.1.tgz",
            "integrity": "sha512-8+9WqebbFzpX9OR+Wa6O29asIogeRMzcGtAINdpMHHyAg10f05aSFVBbcEqGf/PXw1EjAZ+q2/bEBg3DvurK3Q==",
            "dev": true,
            "license": "Python-2.0"
        },
        "node_modules/balanced-match": {
            "version": "4.0.4",
            "resolved": "https://registry.npmjs.org/balanced-match/-/balanced-match-4.0.4.tgz",
            "integrity": "sha512-BLrgEcRTwX2o6gGxGOCNyMvGSp35YofuYzw9h1IMTRmKqttAZZVU67bdb9Pr2vUHA8+j3i2tJfjO6C6+4myGTA==",
            "dev": true,
            "license": "MIT",
            "engines": {
                "node": "18 || 20 || >=22"
            }
        },
        "node_modules/brace-expansion": {
            "version": "5.0.5",
            "resolved": "https://registry.npmjs.org/brace-expansion/-/brace-expansion-5.0.5.tgz",
            "integrity": "sha512-VZznLgtwhn+Mact9tfiwx64fA9erHH/MCXEUfB/0bX/6Fz6ny5EGTXYltMocqg4xFAQZtnO3DHWWXi8RiuN7cQ==",
            "dev": true,
            "license": "MIT",
            "dependencies": {
                "balanced-match": "^4.0.2"
            },
            "engines": {
                "node": "18 || 20 || >=22"
            }
        },
        "node_modules/entities": {
            "version": "4.5.0",
            "resolved": "https://registry.npmjs.org/entities/-/entities-4.5.0.tgz",
            "integrity": "sha512-V0hjH4dGPh9Ao5p0MoRY6BVqtwCjhz6vI5LT8AJ55H+4g9/4vbHx1I54fS0XuclLhDHArPQCiMjDxjaL8fPxhw==",
            "dev": true,
            "license": "BSD-2-Clause",
            "engines": {
                "node": ">=0.12"
            },
            "funding": {
                "url": "https://github.com/fb55/entities?sponsor=1"
            }
        },
        "node_modules/esbuild": {
            "version": "0.27.5",
            "resolved": "https://registry.npmjs.org/esbuild/-/esbuild-0.27.5.tgz",
            "integrity": "sha512-zdQoHBjuDqKsvV5OPaWansOwfSQ0Js+Uj9J85TBvj3bFW1JjWTSULMRwdQAc8qMeIScbClxeMK0jlrtB9linhA==",
            "dev": true,
            "hasInstallScript": true,
            "license": "MIT",
            "bin": {
                "esbuild": "bin/esbuild"
            },
            "engines": {
                "node": ">=18"
            },
            "optionalDependencies": {
                "@esbuild/aix-ppc64": "0.27.5",
                "@esbuild/android-arm": "0.27.5",
                "@esbuild/android-arm64": "0.27.5",
                "@esbuild/android-x64": "0.27.5",
                "@esbuild/darwin-arm64": "0.27.5",
                "@esbuild/darwin-x64": "0.27.5",
                "@esbuild/freebsd-arm64": "0.27.5",
                "@esbuild/freebsd-x64": "0.27.5",
                "@esbuild/linux-arm": "0.27.5",
                "@esbuild/linux-arm64": "0.27.5",
                "@esbuild/linux-ia32": "0.27.5",
                "@esbuild/linux-loong64": "0.27.5",
                "@esbuild/linux-mips64el": "0.27.5",
                "@esbuild/linux-ppc64": "0.27.5",
                "@esbuild/linux-riscv64": "0.27.5",
                "@esbuild/linux-s390x": "0.27.5",
                "@esbuild/linux-x64": "0.27.5",
                "@esbuild/netbsd-arm64": "0.27.5",
                "@esbuild/netbsd-x64": "0.27.5",
                "@esbuild/openbsd-arm64": "0.27.5",
                "@esbuild/openbsd-x64": "0.27.5",
                "@esbuild/openharmony-arm64": "0.27.5",
                "@esbuild/sunos-x64": "0.27.5",
                "@esbuild/win32-arm64": "0.27.5",
                "@esbuild/win32-ia32": "0.27.5",
                "@esbuild/win32-x64": "0.27.5"
            }
        },
        "node_modules/esbuild-copy-static-files": {
            "version": "0.1.0",
            "resolved": "https://registry.npmjs.org/esbuild-copy-static-files/-/esbuild-copy-static-files-0.1.0.tgz",
            "integrity": "sha512-KlpmYqANA1t2nZavEdItfcOjJC6wbHA21v35HJWN32DddGTWKNNGDKljUzbCPojmpD+wAw8/DXr5abJ4jFCE0w==",
            "dev": true,
            "license": "MIT"
        },
        "node_modules/esbuild-plugin-license": {
            "version": "1.2.3",
            "resolved": "https://registry.npmjs.org/esbuild-plugin-license/-/esbuild-plugin-license-1.2.3.tgz",
            "integrity": "sha512-/ovWsIFHYIRqapsPCojMRHFppCgU3jFTVSu9r6MjpUArCWukL64+NwYJkX28ZXzYtw/cOYkGmbC3EhX0qwnn9w==",
            "dev": true,
            "license": "MIT",
            "peerDependencies": {
                "esbuild": "*"
            }
        },
        "node_modules/linkify-it": {
            "version": "5.0.0",
            "resolved": "https://registry.npmjs.org/linkify-it/-/linkify-it-5.0.0.tgz",
            "integrity": "sha512-5aHCbzQRADcdP+ATqnDuhhJ/MRIqDkZX5pyjFHRRysS8vZ5AbqGEoFIb6pYHPZ+L/OC2Lc+xT8uHVVR5CAK/wQ==",
            "dev": true,
            "license": "MIT",
            "dependencies": {
                "uc.micro": "^2.0.0"
            }
        },
        "node_modules/lunr": {
            "version": "2.3.9",
            "resolved": "https://registry.npmjs.org/lunr/-/lunr-2.3.9.tgz",
            "integrity": "sha512-zTU3DaZaF3Rt9rhN3uBMGQD3dD2/vFQqnvZCDv4dl5iOzq2IZQqTxu90r4E5J+nP70J3ilqVCrbho2eWaeW8Ow==",
            "dev": true,
            "license": "MIT"
        },
        "node_modules/markdown-it": {
            "version": "14.1.1",
            "resolved": "https://registry.npmjs.org/markdown-it/-/markdown-it-14.1.1.tgz",
            "integrity": "sha512-BuU2qnTti9YKgK5N+IeMubp14ZUKUUw7yeJbkjtosvHiP0AZ5c8IAgEMk79D0eC8F23r4Ac/q8cAIFdm2FtyoA==",
            "dev": true,
            "license": "MIT",
            "dependencies": {
                "argparse": "^2.0.1",
                "entities": "^4.4.0",
                "linkify-it": "^5.0.0",
                "mdurl": "^2.0.0",
                "punycode.js": "^2.3.1",
                "uc.micro": "^2.1.0"
            },
            "bin": {
                "markdown-it": "bin/markdown-it.mjs"
            }
        },
        "node_modules/mdurl": {
            "version": "2.0.0",
            "resolved": "https://registry.npmjs.org/mdurl/-/mdurl-2.0.0.tgz",
            "integrity": "sha512-Lf+9+2r+Tdp5wXDXC4PcIBjTDtq4UKjCPMQhKIuzpJNW0b96kVqSwW0bT7FhRSfmAiFYgP+SCRvdrDozfh0U5w==",
            "dev": true,
            "license": "MIT"
        },
        "node_modules/minimatch": {
            "version": "10.2.5",
            "resolved": "https://registry.npmjs.org/minimatch/-/minimatch-10.2.5.tgz",
            "integrity": "sha512-MULkVLfKGYDFYejP07QOurDLLQpcjk7Fw+7jXS2R2czRQzR56yHRveU5NDJEOviH+hETZKSkIk5c+T23GjFUMg==",
            "dev": true,
            "license": "BlueOak-1.0.0",
            "dependencies": {
                "brace-expansion": "^5.0.5"
            },
            "engines": {
                "node": "18 || 20 || >=22"
            },
            "funding": {
                "url": "https://github.com/sponsors/isaacs"
            }
        },
        "node_modules/punycode.js": {
            "version": "2.3.1",
            "resolved": "https://registry.npmjs.org/punycode.js/-/punycode.js-2.3.1.tgz",
            "integrity": "sha512-uxFIHU0YlHYhDQtV4R9J6a52SLx28BCjT+4ieh7IGbgwVJWO+km431c4yRlREUAsAmt/uMjQUyQHNEPf0M39CA==",
            "dev": true,
            "license": "MIT",
            "engines": {
                "node": ">=6"
            }
        },
        "node_modules/typedoc": {
            "version": "0.28.18",
            "resolved": "https://registry.npmjs.org/typedoc/-/typedoc-0.28.18.tgz",
            "integrity": "sha512-NTWTUOFRQ9+SGKKTuWKUioUkjxNwtS3JDRPVKZAXGHZy2wCA8bdv2iJiyeePn0xkmK+TCCqZFT0X7+2+FLjngA==",
            "dev": true,
            "license": "Apache-2.0",
            "dependencies": {
                "@gerrit0/mini-shiki": "^3.23.0",
                "lunr": "^2.3.9",
                "markdown-it": "^14.1.1",
                "minimatch": "^10.2.4",
                "yaml": "^2.8.2"
            },
            "bin": {
                "typedoc": "bin/typedoc"
            },
            "engines": {
                "node": ">= 18",
                "pnpm": ">= 10"
            },
            "peerDependencies": {
                "typescript": "5.0.x || 5.1.x || 5.2.x || 5.3.x || 5.4.x || 5.5.x || 5.6.x || 5.7.x || 5.8.x || 5.9.x || 6.0.x"
            }
        },
        "node_modules/typedoc-github-theme": {
            "version": "0.4.0",
            "resolved": "https://registry.npmjs.org/typedoc-github-theme/-/typedoc-github-theme-0.4.0.tgz",
            "integrity": "sha512-lo/hr4EFZxq0SsMGeAscKUzljIKFgrJf5fb4nOAJcqaiSShQv7kzwF6M1s2fVRvUyx6UsmD4zEb+MtKkbucYpg==",
            "dev": true,
            "license": "MIT",
            "engines": {
                "node": ">=18.0.0"
            },
            "peerDependencies": {
                "typedoc": "~0.28.0"
            }
        },
        "node_modules/typedoc-plugin-mdn-links": {
            "version": "5.1.1",
            "resolved": "https://registry.npmjs.org/typedoc-plugin-mdn-links/-/typedoc-plugin-mdn-links-5.1.1.tgz",
            "integrity": "sha512-fLlYudnlGkE9uspOEm/SBXwr+G0RbxoDZiHAVsCg+5NwKe2aUxjZK1YyQfleNZydImanzkX2oUJF29xbEeOSWw==",
            "dev": true,
            "license": "MIT",
            "peerDependencies": {
                "typedoc": "0.27.x || 0.28.x"
            }
        },
        "node_modules/typescript": {
            "version": "6.0.2",
            "resolved": "https://registry.npmjs.org/typescript/-/typescript-6.0.2.tgz",
            "integrity": "sha512-bGdAIrZ0wiGDo5l8c++HWtbaNCWTS4UTv7RaTH/ThVIgjkveJt83m74bBHMJkuCbslY8ixgLBVZJIOiQlQTjfQ==",
            "dev": true,
            "license": "Apache-2.0",
            "peer": true,
            "bin": {
                "tsc": "bin/tsc",
                "tsserver": "bin/tsserver"
            },
            "engines": {
                "node": ">=14.17"
            }
        },
        "node_modules/uc.micro": {
            "version": "2.1.0",
            "resolved": "https://registry.npmjs.org/uc.micro/-/uc.micro-2.1.0.tgz",
            "integrity": "sha512-ARDJmphmdvUk6Glw7y9DQ2bFkKBHwQHLi2lsaH6PPmz/Ka9sFOBsBluozhDltWmnv9u/cF6Rt87znRTPV+yp/A==",
            "dev": true,
            "license": "MIT"
        },
        "node_modules/yaml": {
            "version": "2.8.3",
            "resolved": "https://registry.npmjs.org/yaml/-/yaml-2.8.3.tgz",
            "integrity": "sha512-AvbaCLOO2Otw/lW5bmh9d/WEdcDFdQp2Z2ZUH3pX9U2ihyUY0nvLv7J6TrWowklRGPYbB/IuIMfYgxaCPg5Bpg==",
            "dev": true,
            "license": "ISC",
            "bin": {
                "yaml": "bin.mjs"
            },
            "engines": {
                "node": ">= 14.6"
            },
            "funding": {
                "url": "https://github.com/sponsors/eemeli"
            }
        }
    }
}
